lockfileVersion: 5.4

specifiers:
  '@aws-sdk/client-polly': ^3.279.0
  minimist: ^1.2.8

dependencies:
  '@aws-sdk/client-polly': 3.279.0
  minimist: 1.2.8

packages:

  /@aws-crypto/ie11-detection/3.0.0:
    resolution: {integrity: sha512-341lBBkiY1DfDNKai/wXM3aujNBkXR7tq1URPQDL9wi3AUbI80NR74uF1TXHMm7po1AcnFk8iu2S2IeU/+/A+Q==}
    dependencies:
      tslib: 1.14.1
    dev: false

  /@aws-crypto/sha256-browser/3.0.0:
    resolution: {integrity: sha512-8VLmW2B+gjFbU5uMeqtQM6Nj0/F1bro80xQXCW6CQBWgosFWXTx77aeOF5CAIAmbOK64SdMBJdNr6J41yP5mvQ==}
    dependencies:
      '@aws-crypto/ie11-detection': 3.0.0
      '@aws-crypto/sha256-js': 3.0.0
      '@aws-crypto/supports-web-crypto': 3.0.0
      '@aws-crypto/util': 3.0.0
      '@aws-sdk/types': 3.272.0
      '@aws-sdk/util-locate-window': 3.208.0
      '@aws-sdk/util-utf8-browser': 3.259.0
      tslib: 1.14.1
    dev: false

  /@aws-crypto/sha256-js/3.0.0:
    resolution: {integrity: sha512-PnNN7os0+yd1XvXAy23CFOmTbMaDxgxXtTKHybrJ39Y8kGzBATgBFibWJKH6BhytLI/Zyszs87xCOBNyBig6vQ==}
    dependencies:
      '@aws-crypto/util': 3.0.0
      '@aws-sdk/types': 3.272.0
      tslib: 1.14.1
    dev: false

  /@aws-crypto/supports-web-crypto/3.0.0:
    resolution: {integrity: sha512-06hBdMwUAb2WFTuGG73LSC0wfPu93xWwo5vL2et9eymgmu3Id5vFAHBbajVWiGhPO37qcsdCap/FqXvJGJWPIg==}
    dependencies:
      tslib: 1.14.1
    dev: false

  /@aws-crypto/util/3.0.0:
    resolution: {integrity: sha512-2OJlpeJpCR48CC8r+uKVChzs9Iungj9wkZrl8Z041DWEWvyIHILYKCPNzJghKsivj+S3mLo6BVc7mBNzdxA46w==}
    dependencies:
      '@aws-sdk/types': 3.272.0
      '@aws-sdk/util-utf8-browser': 3.259.0
      tslib: 1.14.1
    dev: false

  /@aws-sdk/abort-controller/3.272.0:
    resolution: {integrity: sha512-s2TV3phapcTwZNr4qLxbfuQuE9ZMP4RoJdkvRRCkKdm6jslsWLJf2Zlcxti/23hOlINUMYv2iXE2pftIgWGdpg==}
    engines: {node: '>=14.0.0'}
    dependencies:
      '@aws-sdk/types': 3.272.0
      tslib: 2.5.0
    dev: false

  /@aws-sdk/client-polly/3.279.0:
    resolution: {integrity: sha512-uUMzQ5LcZsLbAuzzGt9pL0kg24UxfBQLIMUknGR4elMS4/9lgwCuQ7JIiTJkE0RiGf0P9BRU286Mi8FShnhxuw==}
    engines: {node: '>=14.0.0'}
    dependencies:
      '@aws-crypto/sha256-browser': 3.0.0
      '@aws-crypto/sha256-js': 3.0.0
      '@aws-sdk/client-sts': 3.279.0
      '@aws-sdk/config-resolver': 3.272.0
      '@aws-sdk/credential-provider-node': 3.279.0
      '@aws-sdk/fetch-http-handler': 3.272.0
      '@aws-sdk/hash-node': 3.272.0
      '@aws-sdk/invalid-dependency': 3.272.0
      '@aws-sdk/middleware-content-length': 3.272.0
      '@aws-sdk/middleware-endpoint': 3.272.0
      '@aws-sdk/middleware-host-header': 3.278.0
      '@aws-sdk/middleware-logger': 3.272.0
      '@aws-sdk/middleware-recursion-detection': 3.272.0
      '@aws-sdk/middleware-retry': 3.272.0
      '@aws-sdk/middleware-serde': 3.272.0
      '@aws-sdk/middleware-signing': 3.272.0
      '@aws-sdk/middleware-stack': 3.272.0
      '@aws-sdk/middleware-user-agent': 3.272.0
      '@aws-sdk/node-config-provider': 3.272.0
      '@aws-sdk/node-http-handler': 3.272.0
      '@aws-sdk/protocol-http': 3.272.0
      '@aws-sdk/smithy-client': 3.279.0
      '@aws-sdk/types': 3.272.0
      '@aws-sdk/url-parser': 3.272.0
      '@aws-sdk/util-base64': 3.208.0
      '@aws-sdk/util-body-length-browser': 3.188.0
      '@aws-sdk/util-body-length-node': 3.208.0
      '@aws-sdk/util-defaults-mode-browser': 3.279.0
      '@aws-sdk/util-defaults-mode-node': 3.279.0
      '@aws-sdk/util-endpoints': 3.272.0
      '@aws-sdk/util-retry': 3.272.0
      '@aws-sdk/util-stream-browser': 3.272.0
      '@aws-sdk/util-stream-node': 3.272.0
      '@aws-sdk/util-user-agent-browser': 3.272.0
      '@aws-sdk/util-user-agent-node': 3.272.0
      '@aws-sdk/util-utf8': 3.254.0
      tslib: 2.5.0
    transitivePeerDependencies:
      - aws-crt
    dev: false

  /@aws-sdk/client-sso-oidc/3.279.0:
    resolution: {integrity: sha512-tC9xKGo3z/HQbJDMvaUrnBSSRX7sOX2YUA2OpJ3T1TTfylLTO70OKjg1G4OMFNiPpJsHonwD7Iud+rnMnUKI0g==}
    engines: {node: '>=14.0.0'}
    dependencies:
      '@aws-crypto/sha256-browser': 3.0.0
      '@aws-crypto/sha256-js': 3.0.0
      '@aws-sdk/config-resolver': 3.272.0
      '@aws-sdk/fetch-http-handler': 3.272.0
      '@aws-sdk/hash-node': 3.272.0
      '@aws-sdk/invalid-dependency': 3.272.0
      '@aws-sdk/middleware-content-length': 3.272.0
      '@aws-sdk/middleware-endpoint': 3.272.0
      '@aws-sdk/middleware-host-header': 3.278.0
      '@aws-sdk/middleware-logger': 3.272.0
      '@aws-sdk/middleware-recursion-detection': 3.272.0
      '@aws-sdk/middleware-retry': 3.272.0
      '@aws-sdk/middleware-serde': 3.272.0
      '@aws-sdk/middleware-stack': 3.272.0
      '@aws-sdk/middleware-user-agent': 3.272.0
      '@aws-sdk/node-config-provider': 3.272.0
      '@aws-sdk/node-http-handler': 3.272.0
      '@aws-sdk/protocol-http': 3.272.0
      '@aws-sdk/smithy-client': 3.279.0
      '@aws-sdk/types': 3.272.0
      '@aws-sdk/url-parser': 3.272.0
      '@aws-sdk/util-base64': 3.208.0
      '@aws-sdk/util-body-length-browser': 3.188.0
      '@aws-sdk/util-body-length-node': 3.208.0
      '@aws-sdk/util-defaults-mode-browser': 3.279.0
      '@aws-sdk/util-defaults-mode-node': 3.279.0
      '@aws-sdk/util-endpoints': 3.272.0
      '@aws-sdk/util-retry': 3.272.0
      '@aws-sdk/util-user-agent-browser': 3.272.0
      '@aws-sdk/util-user-agent-node': 3.272.0
      '@aws-sdk/util-utf8': 3.254.0
      tslib: 2.5.0
    transitivePeerDependencies:
      - aws-crt
    dev: false

  /@aws-sdk/client-sso/3.279.0:
    resolution: {integrity: sha512-599Y5wOrkpjD6p0BTs0X4+Ge9O7jlAPJ2ttI9lfhT2/UEZyqoJHajJs1pMJV75oeZklPOBi8G9jnZcMVJgRpvQ==}
    engines: {node: '>=14.0.0'}
    dependencies:
      '@aws-crypto/sha256-browser': 3.0.0
      '@aws-crypto/sha256-js': 3.0.0
      '@aws-sdk/config-resolver': 3.272.0
      '@aws-sdk/fetch-http-handler': 3.272.0
      '@aws-sdk/hash-node': 3.272.0
      '@aws-sdk/invalid-dependency': 3.272.0
      '@aws-sdk/middleware-content-length': 3.272.0
      '@aws-sdk/middleware-endpoint': 3.272.0
      '@aws-sdk/middleware-host-header': 3.278.0
      '@aws-sdk/middleware-logger': 3.272.0
      '@aws-sdk/middleware-recursion-detection': 3.272.0
      '@aws-sdk/middleware-retry': 3.272.0
      '@aws-sdk/middleware-serde': 3.272.0
      '@aws-sdk/middleware-stack': 3.272.0
      '@aws-sdk/middleware-user-agent': 3.272.0
      '@aws-sdk/node-config-provider': 3.272.0
      '@aws-sdk/node-http-handler': 3.272.0
      '@aws-sdk/protocol-http': 3.272.0
      '@aws-sdk/smithy-client': 3.279.0
      '@aws-sdk/types': 3.272.0
      '@aws-sdk/url-parser': 3.272.0
      '@aws-sdk/util-base64': 3.208.0
      '@aws-sdk/util-body-length-browser': 3.188.0
      '@aws-sdk/util-body-length-node': 3.208.0
      '@aws-sdk/util-defaults-mode-browser': 3.279.0
      '@aws-sdk/util-defaults-mode-node': 3.279.0
      '@aws-sdk/util-endpoints': 3.272.0
      '@aws-sdk/util-retry': 3.272.0
      '@aws-sdk/util-user-agent-browser': 3.272.0
      '@aws-sdk/util-user-agent-node': 3.272.0
      '@aws-sdk/util-utf8': 3.254.0
      tslib: 2.5.0
    transitivePeerDependencies:
      - aws-crt
    dev: false

  /@aws-sdk/client-sts/3.279.0:
    resolution: {integrity: sha512-y/cI5Gg5WWqmSSDQftCT26wOLu0HSuPY1u6Q4Q97FBIfRC3hYztjYdUDHuTu6qPPT+tdsnWOUy2tr3qamVSQ4g==}
    engines: {node: '>=14.0.0'}
    dependencies:
      '@aws-crypto/sha256-browser': 3.0.0
      '@aws-crypto/sha256-js': 3.0.0
      '@aws-sdk/config-resolver': 3.272.0
      '@aws-sdk/credential-provider-node': 3.279.0
      '@aws-sdk/fetch-http-handler': 3.272.0
      '@aws-sdk/hash-node': 3.272.0
      '@aws-sdk/invalid-dependency': 3.272.0
      '@aws-sdk/middleware-content-length': 3.272.0
      '@aws-sdk/middleware-endpoint': 3.272.0
      '@aws-sdk/middleware-host-header': 3.278.0
      '@aws-sdk/middleware-logger': 3.272.0
      '@aws-sdk/middleware-recursion-detection': 3.272.0
      '@aws-sdk/middleware-retry': 3.272.0
      '@aws-sdk/middleware-sdk-sts': 3.272.0
      '@aws-sdk/middleware-serde': 3.272.0
      '@aws-sdk/middleware-signing': 3.272.0
      '@aws-sdk/middleware-stack': 3.272.0
      '@aws-sdk/middleware-user-agent': 3.272.0
      '@aws-sdk/node-config-provider': 3.272.0
      '@aws-sdk/node-http-handler': 3.272.0
      '@aws-sdk/protocol-http': 3.272.0
      '@aws-sdk/smithy-client': 3.279.0
      '@aws-sdk/types': 3.272.0
      '@aws-sdk/url-parser': 3.272.0
      '@aws-sdk/util-base64': 3.208.0
      '@aws-sdk/util-body-length-browser': 3.188.0
      '@aws-sdk/util-body-length-node': 3.208.0
      '@aws-sdk/util-defaults-mode-browser': 3.279.0
      '@aws-sdk/util-defaults-mode-node': 3.279.0
      '@aws-sdk/util-endpoints': 3.272.0
      '@aws-sdk/util-retry': 3.272.0
      '@aws-sdk/util-user-agent-browser': 3.272.0
      '@aws-sdk/util-user-agent-node': 3.272.0
      '@aws-sdk/util-utf8': 3.254.0
      fast-xml-parser: 4.1.2
      tslib: 2.5.0
    transitivePeerDependencies:
      - aws-crt
    dev: false

  /@aws-sdk/config-resolver/3.272.0:
    resolution: {integrity: sha512-Dr4CffRVNsOp3LRNdpvcH6XuSgXOSLblWliCy/5I86cNl567KVMxujVx6uPrdTXYs2h1rt3MNl6jQGnAiJeTbw==}
    engines: {node: '>=14.0.0'}
    dependencies:
      '@aws-sdk/signature-v4': 3.272.0
      '@aws-sdk/types': 3.272.0
      '@aws-sdk/util-config-provider': 3.208.0
      '@aws-sdk/util-middleware': 3.272.0
      tslib: 2.5.0
    dev: false

  /@aws-sdk/credential-provider-env/3.272.0:
    resolution: {integrity: sha512-QI65NbLnKLYHyTYhXaaUrq6eVsCCrMUb05WDA7+TJkWkjXesovpjc8vUKgFiLSxmgKmb2uOhHNcDyObKMrYQFw==}
    engines: {node: '>=14.0.0'}
    dependencies:
      '@aws-sdk/property-provider': 3.272.0
      '@aws-sdk/types': 3.272.0
      tslib: 2.5.0
    dev: false

  /@aws-sdk/credential-provider-imds/3.272.0:
    resolution: {integrity: sha512-wwAfVY1jTFQEfxVfdYD5r5ieYGl+0g4nhekVxNMqE8E1JeRDd18OqiwAflzpgBIqxfqvCUkf+vl5JYyacMkNAQ==}
    engines: {node: '>=14.0.0'}
    dependencies:
      '@aws-sdk/node-config-provider': 3.272.0
      '@aws-sdk/property-provider': 3.272.0
      '@aws-sdk/types': 3.272.0
      '@aws-sdk/url-parser': 3.272.0
      tslib: 2.5.0
    dev: false

  /@aws-sdk/credential-provider-ini/3.279.0:
    resolution: {integrity: sha512-FCpr3/khMTb2pWLMC138wU7HzcpkrjejrBNfCJSUu7Emxm039UMLjT2JObnRKxidKlz58oYBRayVIbBYRWREcg==}
    engines: {node: '>=14.0.0'}
    dependencies:
      '@aws-sdk/credential-provider-env': 3.272.0
      '@aws-sdk/credential-provider-imds': 3.272.0
      '@aws-sdk/credential-provider-process': 3.272.0
      '@aws-sdk/credential-provider-sso': 3.279.0
      '@aws-sdk/credential-provider-web-identity': 3.272.0
      '@aws-sdk/property-provider': 3.272.0
      '@aws-sdk/shared-ini-file-loader': 3.272.0
      '@aws-sdk/types': 3.272.0
      tslib: 2.5.0
    transitivePeerDependencies:
      - aws-crt
    dev: false

  /@aws-sdk/credential-provider-node/3.279.0:
    resolution: {integrity: sha512-7D8ETopCt3H+x2BEPMEhzc4dcNtSK7umnRdgfiTGRjcQSVPh5Whq/tDIAtNj2D+PmLgu3e+Hk7jrXkaMCDlxMw==}
    engines: {node: '>=14.0.0'}
    dependencies:
      '@aws-sdk/credential-provider-env': 3.272.0
      '@aws-sdk/credential-provider-imds': 3.272.0
      '@aws-sdk/credential-provider-ini': 3.279.0
      '@aws-sdk/credential-provider-process': 3.272.0
      '@aws-sdk/credential-provider-sso': 3.279.0
      '@aws-sdk/credential-provider-web-identity': 3.272.0
      '@aws-sdk/property-provider': 3.272.0
      '@aws-sdk/shared-ini-file-loader': 3.272.0
      '@aws-sdk/types': 3.272.0
      tslib: 2.5.0
    transitivePeerDependencies:
      - aws-crt
    dev: false

  /@aws-sdk/credential-provider-process/3.272.0:
    resolution: {integrity: sha512-hiCAjWWm2PeBFp5cjkxqyam/XADjiS+e7GzwC34TbZn3LisS0uoweLojj9tD11NnnUhyhbLteUvu5+rotOLwrg==}
    engines: {node: '>=14.0.0'}
    dependencies:
      '@aws-sdk/property-provider': 3.272.0
      '@aws-sdk/shared-ini-file-loader': 3.272.0
      '@aws-sdk/types': 3.272.0
      tslib: 2.5.0
    dev: false

  /@aws-sdk/credential-provider-sso/3.279.0:
    resolution: {integrity: sha512-u8ZHz9Sv7sAv2vllyzcdgcO1pC5pa2UuoYKfz9J8hqLHc8VJYtYQ6WJvi4GoA55VDPk87pyVYz9t6ATntsukaw==}
    engines: {node: '>=14.0.0'}
    dependencies:
      '@aws-sdk/client-sso': 3.279.0
      '@aws-sdk/property-provider': 3.272.0
      '@aws-sdk/shared-ini-file-loader': 3.272.0
      '@aws-sdk/token-providers': 3.279.0
      '@aws-sdk/types': 3.272.0
      tslib: 2.5.0
    transitivePeerDependencies:
      - aws-crt
    dev: false

  /@aws-sdk/credential-provider-web-identity/3.272.0:
    resolution: {integrity: sha512-ImrHMkcgneGa/HadHAQXPwOrX26sAKuB8qlMxZF/ZCM2B55u8deY+ZVkVuraeKb7YsahMGehPFOfRAF6mvFI5Q==}
    engines: {node: '>=14.0.0'}
    dependencies:
      '@aws-sdk/property-provider': 3.272.0
      '@aws-sdk/types': 3.272.0
      tslib: 2.5.0
    dev: false

  /@aws-sdk/fetch-http-handler/3.272.0:
    resolution: {integrity: sha512-1Qhm9e0RbS1Xf4CZqUbQyUMkDLd7GrsRXWIvm9b86/vgeV8/WnjO3CMue9D51nYgcyQORhYXv6uVjAYCWbUExA==}
    dependencies:
      '@aws-sdk/protocol-http': 3.272.0
      '@aws-sdk/querystring-builder': 3.272.0
      '@aws-sdk/types': 3.272.0
      '@aws-sdk/util-base64': 3.208.0
      tslib: 2.5.0
    dev: false

  /@aws-sdk/hash-node/3.272.0:
    resolution: {integrity: sha512-40dwND+iAm3VtPHPZu7/+CIdVJFk2s0cWZt1lOiMPMSXycSYJ45wMk7Lly3uoqRx0uWfFK5iT2OCv+fJi5jTng==}
    engines: {node: '>=14.0.0'}
    dependencies:
      '@aws-sdk/types': 3.272.0
      '@aws-sdk/util-buffer-from': 3.208.0
      '@aws-sdk/util-utf8': 3.254.0
      tslib: 2.5.0
    dev: false

  /@aws-sdk/invalid-dependency/3.272.0:
    resolution: {integrity: sha512-ysW6wbjl1Y78txHUQ/Tldj2Rg1BI7rpMO9B9xAF6yAX3mQ7t6SUPQG/ewOGvH2208NBIl3qP5e/hDf0Q6r/1iw==}
    dependencies:
      '@aws-sdk/types': 3.272.0
      tslib: 2.5.0
    dev: false

  /@aws-sdk/is-array-buffer/3.201.0:
    resolution: {integrity: sha512-UPez5qLh3dNgt0DYnPD/q0mVJY84rA17QE26hVNOW3fAji8W2wrwrxdacWOxyXvlxWsVRcKmr+lay1MDqpAMfg==}
    engines: {node: '>=14.0.0'}
    dependencies:
      tslib: 2.5.0
    dev: false

  /@aws-sdk/middleware-content-length/3.272.0:
    resolution: {integrity: sha512-sAbDZSTNmLX+UTGwlUHJBWy0QGQkiClpHwVFXACon+aG0ySLNeRKEVYs6NCPYldw4cj6hveLUn50cX44ukHErw==}
    engines: {node: '>=14.0.0'}
    dependencies:
      '@aws-sdk/protocol-http': 3.272.0
      '@aws-sdk/types': 3.272.0
      tslib: 2.5.0
    dev: false

  /@aws-sdk/middleware-endpoint/3.272.0:
    resolution: {integrity: sha512-Dk3JVjj7SxxoUKv3xGiOeBksvPtFhTDrVW75XJ98Ymv8gJH5L1sq4hIeJAHRKogGiRFq2J73mnZSlM9FVXEylg==}
    engines: {node: '>=14.0.0'}
    dependencies:
      '@aws-sdk/middleware-serde': 3.272.0
      '@aws-sdk/protocol-http': 3.272.0
      '@aws-sdk/signature-v4': 3.272.0
      '@aws-sdk/types': 3.272.0
      '@aws-sdk/url-parser': 3.272.0
      '@aws-sdk/util-config-provider': 3.208.0
      '@aws-sdk/util-middleware': 3.272.0
      tslib: 2.5.0
    dev: false

  /@aws-sdk/middleware-host-header/3.278.0:
    resolution: {integrity: sha512-oTkF3exy89KE8NgSeXFwD+0H0GRKL2qUw92t3caEj7+4KzU/0m3t7NtKlq2NLRtTJhZ/izYRpV536oogLzGm3g==}
    engines: {node: '>=14.0.0'}
    dependencies:
      '@aws-sdk/protocol-http': 3.272.0
      '@aws-sdk/types': 3.272.0
      tslib: 2.5.0
    dev: false

  /@aws-sdk/middleware-logger/3.272.0:
    resolution: {integrity: sha512-u2SQ0hWrFwxbxxYMG5uMEgf01pQY5jauK/LYWgGIvuCmFgiyRQQP3oN7kkmsxnS9MWmNmhbyQguX2NY02s5e9w==}
    engines: {node: '>=14.0.0'}
    dependencies:
      '@aws-sdk/types': 3.272.0
      tslib: 2.5.0
    dev: false

  /@aws-sdk/middleware-recursion-detection/3.272.0:
    resolution: {integrity: sha512-Gp/eKWeUWVNiiBdmUM2qLkBv+VLSJKoWAO+aKmyxxwjjmWhE0FrfA1NQ1a3g+NGMhRbAfQdaYswRAKsul70ISg==}
    engines: {node: '>=14.0.0'}
    dependencies:
      '@aws-sdk/protocol-http': 3.272.0
      '@aws-sdk/types': 3.272.0
      tslib: 2.5.0
    dev: false

  /@aws-sdk/middleware-retry/3.272.0:
    resolution: {integrity: sha512-pCGvHM7C76VbO/dFerH+Vwf7tGv7j+e+eGrvhQ35mRghCtfIou/WMfTZlD1TNee93crrAQQVZKjtW3dMB3WCzg==}
    engines: {node: '>=14.0.0'}
    dependencies:
      '@aws-sdk/protocol-http': 3.272.0
      '@aws-sdk/service-error-classification': 3.272.0
      '@aws-sdk/types': 3.272.0
      '@aws-sdk/util-middleware': 3.272.0
      '@aws-sdk/util-retry': 3.272.0
      tslib: 2.5.0
      uuid: 8.3.2
    dev: false

  /@aws-sdk/middleware-sdk-sts/3.272.0:
    resolution: {integrity: sha512-VvYPg7LrDIjUOWueSzo2wBzcNG7dw+cmzV6zAKaLxf0RC5jeAP4hE0OzDiiZfDrjNghEzgq/V+0NO+LewqYL9Q==}
    engines: {node: '>=14.0.0'}
    dependencies:
      '@aws-sdk/middleware-signing': 3.272.0
      '@aws-sdk/property-provider': 3.272.0
      '@aws-sdk/protocol-http': 3.272.0
      '@aws-sdk/signature-v4': 3.272.0
      '@aws-sdk/types': 3.272.0
      tslib: 2.5.0
    dev: false

  /@aws-sdk/middleware-serde/3.272.0:
    resolution: {integrity: sha512-kW1uOxgPSwtXPB5rm3QLdWomu42lkYpQL94tM1BjyFOWmBLO2lQhk5a7Dw6HkTozT9a+vxtscLChRa6KZe61Hw==}
    engines: {node: '>=14.0.0'}
    dependencies:
      '@aws-sdk/types': 3.272.0
      tslib: 2.5.0
    dev: false

  /@aws-sdk/middleware-signing/3.272.0:
    resolution: {integrity: sha512-4LChFK4VAR91X+dupqM8fQqYhFGE0G4Bf9rQlVTgGSbi2KUOmpqXzH0/WKE228nKuEhmH8+Qd2VPSAE2JcyAUA==}
    engines: {node: '>=14.0.0'}
    dependencies:
      '@aws-sdk/property-provider': 3.272.0
      '@aws-sdk/protocol-http': 3.272.0
      '@aws-sdk/signature-v4': 3.272.0
      '@aws-sdk/types': 3.272.0
      '@aws-sdk/util-middleware': 3.272.0
      tslib: 2.5.0
    dev: false

  /@aws-sdk/middleware-stack/3.272.0:
    resolution: {integrity: sha512-jhwhknnPBGhfXAGV5GXUWfEhDFoP/DN8MPCO2yC5OAxyp6oVJ8lTPLkZYMTW5VL0c0eG44dXpF4Ib01V+PlDrQ==}
    engines: {node: '>=14.0.0'}
    dependencies:
      tslib: 2.5.0
    dev: false

  /@aws-sdk/middleware-user-agent/3.272.0:
    resolution: {integrity: sha512-Qy7/0fsDJxY5l0bEk7WKDfqb4Os/sCAgFR2zEvrhDtbkhYPf72ysvg/nRUTncmCbo8tOok4SJii2myk8KMfjjw==}
    engines: {node: '>=14.0.0'}
    dependencies:
      '@aws-sdk/protocol-http': 3.272.0
      '@aws-sdk/types': 3.272.0
      tslib: 2.5.0
    dev: false

  /@aws-sdk/node-config-provider/3.272.0:
    resolution: {integrity: sha512-YYCIBh9g1EQo7hm2l22HX5Yr9RoPQ2RCvhzKvF1n1e8t1QH4iObQrYUtqHG4khcm64Cft8C5MwZmgzHbya5Z6Q==}
    engines: {node: '>=14.0.0'}
    dependencies:
      '@aws-sdk/property-provider': 3.272.0
      '@aws-sdk/shared-ini-file-loader': 3.272.0
      '@aws-sdk/types': 3.272.0
      tslib: 2.5.0
    dev: false

  /@aws-sdk/node-http-handler/3.272.0:
    resolution: {integrity: sha512-VrW9PjhhngeyYp4yGYPe5S0vgZH6NwU3Po9xAgayUeE37Inr7LS1YteFMHdpgsUUeNXnh7d06CXqHo1XjtqOKA==}
    engines: {node: '>=14.0.0'}
    dependencies:
      '@aws-sdk/abort-controller': 3.272.0
      '@aws-sdk/protocol-http': 3.272.0
      '@aws-sdk/querystring-builder': 3.272.0
      '@aws-sdk/types': 3.272.0
      tslib: 2.5.0
    dev: false

  /@aws-sdk/property-provider/3.272.0:
    resolution: {integrity: sha512-V1pZTaH5eqpAt8O8CzbItHhOtzIfFuWymvwZFkAtwKuaHpnl7jjrTouV482zoq8AD/fF+VVSshwBKYA7bhidIw==}
    engines: {node: '>=14.0.0'}
    dependencies:
      '@aws-sdk/types': 3.272.0
      tslib: 2.5.0
    dev: false

  /@aws-sdk/protocol-http/3.272.0:
    resolution: {integrity: sha512-4JQ54v5Yn08jspNDeHo45CaSn1CvTJqS1Ywgr79eU6jBExtguOWv6LNtwVSBD9X37v88iqaxt8iu1Z3pZZAJeg==}
    engines: {node: '>=14.0.0'}
    dependencies:
      '@aws-sdk/types': 3.272.0
      tslib: 2.5.0
    dev: false

  /@aws-sdk/querystring-builder/3.272.0:
    resolution: {integrity: sha512-ndo++7GkdCj5tBXE6rGcITpSpZS4PfyV38wntGYAlj9liL1omk3bLZRY6uzqqkJpVHqbg2fD7O2qHNItzZgqhw==}
    engines: {node: '>=14.0.0'}
    dependencies:
      '@aws-sdk/types': 3.272.0
      '@aws-sdk/util-uri-escape': 3.201.0
      tslib: 2.5.0
    dev: false

  /@aws-sdk/querystring-parser/3.272.0:
    resolution: {integrity: sha512-5oS4/9n6N1LZW9tI3qq/0GnCuWoOXRgcHVB+AJLRBvDbEe+GI+C/xK1tKLsfpDNgsQJHc4IPQoIt4megyZ/1+A==}
    engines: {node: '>=14.0.0'}
    dependencies:
      '@aws-sdk/types': 3.272.0
      tslib: 2.5.0
    dev: false

  /@aws-sdk/service-error-classification/3.272.0:
    resolution: {integrity: sha512-REoltM1LK9byyIufLqx9znhSolPcHQgVHIA2S0zu5sdt5qER4OubkLAXuo4MBbisUTmh8VOOvIyUb5ijZCXq1w==}
    engines: {node: '>=14.0.0'}
    dev: false

  /@aws-sdk/shared-ini-file-loader/3.272.0:
    resolution: {integrity: sha512-lzFPohp5sy2XvwFjZIzLVCRpC0i5cwBiaXmFzXYQZJm6FSCszHO4ax+m9yrtlyVFF/2YPWl+/bzNthy4aJtseA==}
    engines: {node: '>=14.0.0'}
    dependencies:
      '@aws-sdk/types': 3.272.0
      tslib: 2.5.0
    dev: false

  /@aws-sdk/signature-v4/3.272.0:
    resolution: {integrity: sha512-pWxnHG1NqJWMwlhJ6NHNiUikOL00DHROmxah6krJPMPq4I3am2KY2Rs/8ouWhnEXKaHAv4EQhSALJ+7Mq5S4/A==}
    engines: {node: '>=14.0.0'}
    dependencies:
      '@aws-sdk/is-array-buffer': 3.201.0
      '@aws-sdk/types': 3.272.0
      '@aws-sdk/util-hex-encoding': 3.201.0
      '@aws-sdk/util-middleware': 3.272.0
      '@aws-sdk/util-uri-escape': 3.201.0
      '@aws-sdk/util-utf8': 3.254.0
      tslib: 2.5.0
    dev: false

  /@aws-sdk/smithy-client/3.279.0:
    resolution: {integrity: sha512-ZcYWUQDGAYN6NXRpJuSn46PetrpPCA6TrDVwP9+3pERzTXZ66npXoG2XhHjNrOXy/Ted5A3OxKrM4/zLu9tK3A==}
    engines: {node: '>=14.0.0'}
    dependencies:
      '@aws-sdk/middleware-stack': 3.272.0
      '@aws-sdk/types': 3.272.0
      tslib: 2.5.0
    dev: false

  /@aws-sdk/token-providers/3.279.0:
    resolution: {integrity: sha512-bsUlZSizTXZ8Pehdatcioi8VphxYn7fRjo5L083peOvBjoL+9WSGyP74PLrFLNwA35QxddwOqgnpQZoE1heuPQ==}
    engines: {node: '>=14.0.0'}
    dependencies:
      '@aws-sdk/client-sso-oidc': 3.279.0
      '@aws-sdk/property-provider': 3.272.0
      '@aws-sdk/shared-ini-file-loader': 3.272.0
      '@aws-sdk/types': 3.272.0
      tslib: 2.5.0
    transitivePeerDependencies:
      - aws-crt
    dev: false

  /@aws-sdk/types/3.272.0:
    resolution: {integrity: sha512-MmmL6vxMGP5Bsi+4wRx4mxYlU/LX6M0noOXrDh/x5FfG7/4ZOar/nDxqDadhJtNM88cuWVHZWY59P54JzkGWmA==}
    engines: {node: '>=14.0.0'}
    dependencies:
      tslib: 2.5.0
    dev: false

  /@aws-sdk/url-parser/3.272.0:
    resolution: {integrity: sha512-vX/Tx02PlnQ/Kgtf5TnrNDHPNbY+amLZjW0Z1d9vzAvSZhQ4i9Y18yxoRDIaDTCNVRDjdhV8iuctW+05PB5JtQ==}
    dependencies:
      '@aws-sdk/querystring-parser': 3.272.0
      '@aws-sdk/types': 3.272.0
      tslib: 2.5.0
    dev: false

  /@aws-sdk/util-base64/3.208.0:
    resolution: {integrity: sha512-PQniZph5A6N7uuEOQi+1hnMz/FSOK/8kMFyFO+4DgA1dZ5pcKcn5wiFwHkcTb/BsgVqQa3Jx0VHNnvhlS8JyTg==}
    engines: {node: '>=14.0.0'}
    dependencies:
      '@aws-sdk/util-buffer-from': 3.208.0
      tslib: 2.5.0
    dev: false

  /@aws-sdk/util-body-length-browser/3.188.0:
    resolution: {integrity: sha512-8VpnwFWXhnZ/iRSl9mTf+VKOX9wDE8QtN4bj9pBfxwf90H1X7E8T6NkiZD3k+HubYf2J94e7DbeHs7fuCPW5Qg==}
    dependencies:
      tslib: 2.5.0
    dev: false

  /@aws-sdk/util-body-length-node/3.208.0:
    resolution: {integrity: sha512-3zj50e5g7t/MQf53SsuuSf0hEELzMtD8RX8C76f12OSRo2Bca4FLLYHe0TZbxcfQHom8/hOaeZEyTyMogMglqg==}
    engines: {node: '>=14.0.0'}
    dependencies:
      tslib: 2.5.0
    dev: false

  /@aws-sdk/util-buffer-from/3.208.0:
    resolution: {integrity: sha512-7L0XUixNEFcLUGPeBF35enCvB9Xl+K6SQsmbrPk1P3mlV9mguWSDQqbOBwY1Ir0OVbD6H/ZOQU7hI/9RtRI0Zw==}
    engines: {node: '>=14.0.0'}
    dependencies:
      '@aws-sdk/is-array-buffer': 3.201.0
      tslib: 2.5.0
    dev: false

  /@aws-sdk/util-config-provider/3.208.0:
    resolution: {integrity: sha512-DSRqwrERUsT34ug+anlMBIFooBEGwM8GejC7q00Y/9IPrQy50KnG5PW2NiTjuLKNi7pdEOlwTSEocJE15eDZIg==}
    engines: {node: '>=14.0.0'}
    dependencies:
      tslib: 2.5.0
    dev: false

  /@aws-sdk/util-defaults-mode-browser/3.279.0:
    resolution: {integrity: sha512-RnchYRrpapTT5Hu23LOfk6e8RMVq0kUzho6xA6TJj1a4uGxkcRMvgzPipCq1P5uHu0mrkQBg9pGPEVNOUs38/Q==}
    engines: {node: '>= 10.0.0'}
    dependencies:
      '@aws-sdk/property-provider': 3.272.0
      '@aws-sdk/types': 3.272.0
      bowser: 2.11.0
      tslib: 2.5.0
    dev: false

  /@aws-sdk/util-defaults-mode-node/3.279.0:
    resolution: {integrity: sha512-A2NB10xReWC+GSnOivKGZ9rnljIZdEP8WMCQQEnA6DJNI19AUFF/O9QJ9y+cHGLKEms7jH86Y99wShdpzAK+Jw==}
    engines: {node: '>= 10.0.0'}
    dependencies:
      '@aws-sdk/config-resolver': 3.272.0
      '@aws-sdk/credential-provider-imds': 3.272.0
      '@aws-sdk/node-config-provider': 3.272.0
      '@aws-sdk/property-provider': 3.272.0
      '@aws-sdk/types': 3.272.0
      tslib: 2.5.0
    dev: false

  /@aws-sdk/util-endpoints/3.272.0:
    resolution: {integrity: sha512-c4MPUaJt2G6gGpoiwIOqDfUa98c1J63RpYvf/spQEKOtC/tF5Gfqlxuq8FnAl5lHnrqj1B9ZXLLxFhHtDR0IiQ==}
    engines: {node: '>=14.0.0'}
    dependencies:
      '@aws-sdk/types': 3.272.0
      tslib: 2.5.0
    dev: false

  /@aws-sdk/util-hex-encoding/3.201.0:
    resolution: {integrity: sha512-7t1vR1pVxKx0motd3X9rI3m/xNp78p3sHtP5yo4NP4ARpxyJ0fokBomY8ScaH2D/B+U5o9ARxldJUdMqyBlJcA==}
    engines: {node: '>=14.0.0'}
    dependencies:
      tslib: 2.5.0
    dev: false

  /@aws-sdk/util-locate-window/3.208.0:
    resolution: {integrity: sha512-iua1A2+P7JJEDHVgvXrRJSvsnzG7stYSGQnBVphIUlemwl6nN5D+QrgbjECtrbxRz8asYFHSzhdhECqN+tFiBg==}
    engines: {node: '>=14.0.0'}
    dependencies:
      tslib: 2.5.0
    dev: false

  /@aws-sdk/util-middleware/3.272.0:
    resolution: {integrity: sha512-Abw8m30arbwxqmeMMha5J11ESpHUNmCeSqSzE8/C4B8jZQtHY4kq7f+upzcNIQ11lsd+uzBEzNG3+dDRi0XOJQ==}
    engines: {node: '>=14.0.0'}
    dependencies:
      tslib: 2.5.0
    dev: false

  /@aws-sdk/util-retry/3.272.0:
    resolution: {integrity: sha512-Ngha5414LR4gRHURVKC9ZYXsEJhMkm+SJ+44wlzOhavglfdcKKPUsibz5cKY1jpUV7oKECwaxHWpBB8r6h+hOg==}
    engines: {node: '>= 14.0.0'}
    dependencies:
      '@aws-sdk/service-error-classification': 3.272.0
      tslib: 2.5.0
    dev: false

  /@aws-sdk/util-stream-browser/3.272.0:
    resolution: {integrity: sha512-vD514YffKxBjV/erjUNgkXcb/mzXAz3uk/KUFMXsodo3cA4Z8WxL4P0p1O09FVuJlNa0gZ8mhFPNzNOekh31GA==}
    dependencies:
      '@aws-sdk/fetch-http-handler': 3.272.0
      '@aws-sdk/types': 3.272.0
      '@aws-sdk/util-base64': 3.208.0
      '@aws-sdk/util-hex-encoding': 3.201.0
      '@aws-sdk/util-utf8': 3.254.0
      tslib: 2.5.0
    dev: false

  /@aws-sdk/util-stream-node/3.272.0:
    resolution: {integrity: sha512-s7dGeM1ImzihqBKgrpaeZokLnPUk3H4Et5oiM+t+TpRxotXTecJPyuD0p76HRgO8KSXfVT5Nxw/FoHXqj1fiMg==}
    engines: {node: '>=14.0.0'}
    dependencies:
      '@aws-sdk/node-http-handler': 3.272.0
      '@aws-sdk/types': 3.272.0
      '@aws-sdk/util-buffer-from': 3.208.0
      tslib: 2.5.0
    dev: false

  /@aws-sdk/util-uri-escape/3.201.0:
    resolution: {integrity: sha512-TeTWbGx4LU2c5rx0obHeDFeO9HvwYwQtMh1yniBz00pQb6Qt6YVOETVQikRZ+XRQwEyCg/dA375UplIpiy54mA==}
    engines: {node: '>=14.0.0'}
    dependencies:
      tslib: 2.5.0
    dev: false

  /@aws-sdk/util-user-agent-browser/3.272.0:
    resolution: {integrity: sha512-Lp5QX5bH6uuwBlIdr7w7OAcAI50ttyskb++yUr9i+SPvj6RI2dsfIBaK4mDg1qUdM5LeUdvIyqwj3XHjFKAAvA==}
    dependencies:
      '@aws-sdk/types': 3.272.0
      bowser: 2.11.0
      tslib: 2.5.0
    dev: false

  /@aws-sdk/util-user-agent-node/3.272.0:
    resolution: {integrity: sha512-ljK+R3l+Q1LIHrcR+Knhk0rmcSkfFadZ8V+crEGpABf/QUQRg7NkZMsoe814tfBO5F7tMxo8wwwSdaVNNHtoRA==}
    engines: {node: '>=14.0.0'}
    peerDependencies:
      aws-crt: '>=1.0.0'
    peerDependenciesMeta:
      aws-crt:
        optional: true
    dependencies:
      '@aws-sdk/node-config-provider': 3.272.0
      '@aws-sdk/types': 3.272.0
      tslib: 2.5.0
    dev: false

  /@aws-sdk/util-utf8-browser/3.259.0:
    resolution: {integrity: sha512-UvFa/vR+e19XookZF8RzFZBrw2EUkQWxiBW0yYQAhvk3C+QVGl0H3ouca8LDBlBfQKXwmW3huo/59H8rwb1wJw==}
    dependencies:
      tslib: 2.5.0
    dev: false

  /@aws-sdk/util-utf8/3.254.0:
    resolution: {integrity: sha512-14Kso/eIt5/qfIBmhEL9L1IfyUqswjSTqO2mY7KOzUZ9SZbwn3rpxmtkhmATkRjD7XIlLKaxBkI7tU9Zjzj8Kw==}
    engines: {node: '>=14.0.0'}
    dependencies:
      '@aws-sdk/util-buffer-from': 3.208.0
      tslib: 2.5.0
    dev: false

  /bowser/2.11.0:
    resolution: {integrity: sha512-AlcaJBi/pqqJBIQ8U9Mcpc9i8Aqxn88Skv5d+xBX006BY5u8N3mGLHa5Lgppa7L/HfwgwLgZ6NYs+Ag6uUmJRA==}
    dev: false

  /fast-xml-parser/4.1.2:
    resolution: {integrity: sha512-CDYeykkle1LiA/uqQyNwYpFbyF6Axec6YapmpUP+/RHWIoR1zKjocdvNaTsxCxZzQ6v9MLXaSYm9Qq0thv0DHg==}
    hasBin: true
    dependencies:
      strnum: 1.0.5
    dev: false

  /minimist/1.2.8:
    resolution: {integrity: sha512-2yyAR8qBkN3YuheJanUpWC5U3bb5osDywNB8RzDVlDwDHbocAJveqqj1u8+SVD7jkWT4yvsHCpWqqWqAxb0zCA==}
    dev: false

  /strnum/1.0.5:
    resolution: {integrity: sha512-J8bbNyKKXl5qYcR36TIO8W3mVGVHrmmxsd5PAItGkmyzwJvybiw2IVq5nqd0i4LSNSkB/sx9VHllbfFdr9k1JA==}
    dev: false

  /tslib/1.14.1:
    resolution: {integrity: sha512-Xni35NKzjgMrwevysHTCArtLDpPvye8zV/0E4EyYn43P7/7qvQwPh9BGkHewbMulVntbigmcT7rdX3BNo9wRJg==}
    dev: false

  /tslib/2.5.0:
    resolution: {integrity: sha512-336iVw3rtn2BUK7ORdIAHTyxHGRIHVReokCR3XjbckJMK7ms8FysBfhLR8IXnAgy7T0PTPNBWKiH514FOW/WSg==}
    dev: false

  /uuid/8.3.2:
    resolution: {integrity: sha512-+NYs2QeMWy+GWFOEm9xnn6HCDp0l7QBD7ml8zLUmJ+93Q5NF0NocErnwkTkXVFNiX3/fpC6afS8Dhb/gz7R7eg==}
    hasBin: true
    dev: false
